
Microsoft Visual Studio Solution File, Format Version 12.00
# Visual Studio Version 16
VisualStudioVersion = 16.0.30517.126
MinimumVisualStudioVersion = 10.0.40219.1
Project("{FAE04EC0-301F-11D3-BF4B-00C04F79EFBC}") = "BusSim", "BusSim.csproj", "{0AE8F088-559A-41CD-95EB-D5CF41CADBAC}"
EndProject
Global
	GlobalSection(SolutionConfigurationPlatforms) = preSolution
		Debug|Any CPU = Debug|Any CPU
		Release|Any CPU = Release|Any CPU
	EndGlobalSection
	GlobalSection(ProjectConfigurationPlatforms) = postSolution
		{0AE8F088-559A-41CD-95EB-D5CF41CADBAC}.Debug|Any CPU.ActiveCfg = Debug|Any CPU
		{0AE8F088-559A-41CD-95EB-D5CF41CADBAC}.Debug|Any CPU.Build.0 = Debug|Any CPU
		{0AE8F088-559A-41CD-95EB-D5CF41CADBAC}.Release|Any CPU.ActiveCfg = Release|Any CPU
		{0AE8F088-559A-41CD-95EB-D5CF41CADBAC}.Release|Any CPU.Build.0 = Release|Any CPU
	EndGlobalSection
	GlobalSection(SolutionProperties) = preSolution
		HideSolutionNode = FALSE
	EndGlobalSection
	GlobalSection(ExtensibilityGlobals) = postSolution
		SolutionGuid = {83A64E78-2437-44EB-8599-B72AA50B225D}
	EndGlobalSection
EndGlobal
